
Microsoft Visual Studio Solution File, Format Version 12.00
# Visual Studio Version 17
VisualStudioVersion = 17.5.002.0
MinimumVisualStudioVersion = 10.0.40219.1
Project("{2150E333-8FDC-42A3-9474-1A3956D46DE8}") = "sandbox", "sandbox", "{9870B241-C859-4F82-AE97-87DF3D09015B}"
EndProject
Project("{9A19103F-16F7-4668-BE54-9A1E7A4F7556}") = "sandbox_project", "sandbox\sandbox_project\sandbox_project.csproj", "{FE312E84-8B15-4793-9E3C-62ACDCCBA43C}"
EndProject
Project("{2150E333-8FDC-42A3-9474-1A3956D46DE8}") = "week01", "week01", "{25A2E7DB-02D3-4D07-85BD-87600A41A3FE}"
EndProject
Project("{9A19103F-16F7-4668-BE54-9A1E7A4F7556}") = "analyze", "week01\analyze\analyze.csproj", "{569777E5-ED93-43C6-9078-7840D7F53847}"
EndProject
Project("{9A19103F-16F7-4668-BE54-9A1E7A4F7556}") = "code", "week01\code\code.csproj", "{F69D1A3A-81AD-4A4B-BC1E-8BEA08EF1EFA}"
EndProject
Project("{9A19103F-16F7-4668-BE54-9A1E7A4F7556}") = "teach", "week01\teach\teach.csproj", "{466656E2-9D04-4DE6-99CE-9A963B6493A7}"
EndProject
Project("{2150E333-8FDC-42A3-9474-1A3956D46DE8}") = "week02", "week02", "{1750F2CE-AC25-4EE0-BFC1-C956457B3102}"
EndProject
Project("{9A19103F-16F7-4668-BE54-9A1E7A4F7556}") = "analyze", "week02\analyze\analyze.csproj", "{14B2D8ED-35DE-4D2E-98BD-97560959B076}"
EndProject
Project("{9A19103F-16F7-4668-BE54-9A1E7A4F7556}") = "code", "week02\code\code.csproj", "{1E27EDC3-BEB5-43C0-ACC7-00E4E892D6FA}"
EndProject
Project("{9A19103F-16F7-4668-BE54-9A1E7A4F7556}") = "learn", "week02\learn\learn.csproj", "{04343528-8616-42D6-BD95-381947E680C3}"
EndProject
Project("{9A19103F-16F7-4668-BE54-9A1E7A4F7556}") = "teach", "week02\teach\teach.csproj", "{1129BFEA-ED24-4A84-973F-A58160972689}"
EndProject
Project("{2150E333-8FDC-42A3-9474-1A3956D46DE8}") = "week03", "week03", "{3F74BFE3-152A-45BB-9B64-B751389C7A2B}"
EndProject
Project("{9A19103F-16F7-4668-BE54-9A1E7A4F7556}") = "code", "week03\code\code.csproj", "{A00098F4-97CD-4653-A335-730E30620376}"
EndProject
Project("{9A19103F-16F7-4668-BE54-9A1E7A4F7556}") = "learn", "week03\learn\learn.csproj", "{855C1405-3D0A-4BC9-98E6-F725E08F4D6A}"
EndProject
Project("{9A19103F-16F7-4668-BE54-9A1E7A4F7556}") = "teach", "week03\teach\teach.csproj", "{42CC7EF7-36F2-4B1A-B672-928A3103F75C}"
EndProject
Project("{2150E333-8FDC-42A3-9474-1A3956D46DE8}") = "week04", "week04", "{1A962156-76D6-413B-9BE8-5D88B19EA62F}"
EndProject
Project("{9A19103F-16F7-4668-BE54-9A1E7A4F7556}") = "code", "week04\code\code.csproj", "{5FA97B30-B50F-4691-BE01-6F208DCF2ED2}"
EndProject
Project("{2150E333-8FDC-42A3-9474-1A3956D46DE8}") = "week05", "week05", "{B32D3546-FC51-41CB-8E66-52B08760F466}"
EndProject
Project("{9A19103F-16F7-4668-BE54-9A1E7A4F7556}") = "code", "week05\code\code.csproj", "{46E04B83-FC8D-4F36-9969-27EFD877D132}"
EndProject
Project("{2150E333-8FDC-42A3-9474-1A3956D46DE8}") = "week06", "week06", "{319A12AC-4C25-49CA-A807-F95790A4ABBE}"
EndProject
Project("{9A19103F-16F7-4668-BE54-9A1E7A4F7556}") = "code", "week06\code\code.csproj", "{19296238-98A9-42A4-9F39-28154DB45B14}"
EndProject
Global
	GlobalSection(SolutionConfigurationPlatforms) = preSolution
		Debug|Any CPU = Debug|Any CPU
		Release|Any CPU = Release|Any CPU
	EndGlobalSection
	GlobalSection(ProjectConfigurationPlatforms) = postSolution
		{FE312E84-8B15-4793-9E3C-62ACDCCBA43C}.Debug|Any CPU.ActiveCfg = Debug|Any CPU
		{FE312E84-8B15-4793-9E3C-62ACDCCBA43C}.Debug|Any CPU.Build.0 = Debug|Any CPU
		{FE312E84-8B15-4793-9E3C-62ACDCCBA43C}.Release|Any CPU.ActiveCfg = Release|Any CPU
		{FE312E84-8B15-4793-9E3C-62ACDCCBA43C}.Release|Any CPU.Build.0 = Release|Any CPU
		{569777E5-ED93-43C6-9078-7840D7F53847}.Debug|Any CPU.ActiveCfg = Debug|Any CPU
		{569777E5-ED93-43C6-9078-7840D7F53847}.Debug|Any CPU.Build.0 = Debug|Any CPU
		{569777E5-ED93-43C6-9078-7840D7F53847}.Release|Any CPU.ActiveCfg = Release|Any CPU
		{569777E5-ED93-43C6-9078-7840D7F53847}.Release|Any CPU.Build.0 = Release|Any CPU
		{F69D1A3A-81AD-4A4B-BC1E-8BEA08EF1EFA}.Debug|Any CPU.ActiveCfg = Debug|Any CPU
		{F69D1A3A-81AD-4A4B-BC1E-8BEA08EF1EFA}.Debug|Any CPU.Build.0 = Debug|Any CPU
		{F69D1A3A-81AD-4A4B-BC1E-8BEA08EF1EFA}.Release|Any CPU.ActiveCfg = Release|Any CPU
		{F69D1A3A-81AD-4A4B-BC1E-8BEA08EF1EFA}.Release|Any CPU.Build.0 = Release|Any CPU
		{466656E2-9D04-4DE6-99CE-9A963B6493A7}.Debug|Any CPU.ActiveCfg = Debug|Any CPU
		{466656E2-9D04-4DE6-99CE-9A963B6493A7}.Debug|Any CPU.Build.0 = Debug|Any CPU
		{466656E2-9D04-4DE6-99CE-9A963B6493A7}.Release|Any CPU.ActiveCfg = Release|Any CPU
		{466656E2-9D04-4DE6-99CE-9A963B6493A7}.Release|Any CPU.Build.0 = Release|Any CPU
		{14B2D8ED-35DE-4D2E-98BD-97560959B076}.Debug|Any CPU.ActiveCfg = Debug|Any CPU
		{14B2D8ED-35DE-4D2E-98BD-97560959B076}.Debug|Any CPU.Build.0 = Debug|Any CPU
		{14B2D8ED-35DE-4D2E-98BD-97560959B076}.Release|Any CPU.ActiveCfg = Release|Any CPU
		{14B2D8ED-35DE-4D2E-98BD-97560959B076}.Release|Any CPU.Build.0 = Release|Any CPU
		{1E27EDC3-BEB5-43C0-ACC7-00E4E892D6FA}.Debug|Any CPU.ActiveCfg = Debug|Any CPU
		{1E27EDC3-BEB5-43C0-ACC7-00E4E892D6FA}.Debug|Any CPU.Build.0 = Debug|Any CPU
		{1E27EDC3-BEB5-43C0-ACC7-00E4E892D6FA}.Release|Any CPU.ActiveCfg = Release|Any CPU
		{1E27EDC3-BEB5-43C0-ACC7-00E4E892D6FA}.Release|Any CPU.Build.0 = Release|Any CPU
		{04343528-8616-42D6-BD95-381947E680C3}.Debug|Any CPU.ActiveCfg = Debug|Any CPU
		{04343528-8616-42D6-BD95-381947E680C3}.Debug|Any CPU.Build.0 = Debug|Any CPU
		{04343528-8616-42D6-BD95-381947E680C3}.Release|Any CPU.ActiveCfg = Release|Any CPU
		{04343528-8616-42D6-BD95-381947E680C3}.Release|Any CPU.Build.0 = Release|Any CPU
		{1129BFEA-ED24-4A84-973F-A58160972689}.Debug|Any CPU.ActiveCfg = Debug|Any CPU
		{1129BFEA-ED24-4A84-973F-A58160972689}.Debug|Any CPU.Build.0 = Debug|Any CPU
		{1129BFEA-ED24-4A84-973F-A58160972689}.Release|Any CPU.ActiveCfg = Release|Any CPU
		{1129BFEA-ED24-4A84-973F-A58160972689}.Release|Any CPU.Build.0 = Release|Any CPU
		{A00098F4-97CD-4653-A335-730E30620376}.Debug|Any CPU.ActiveCfg = Debug|Any CPU
		{A00098F4-97CD-4653-A335-730E30620376}.Debug|Any CPU.Build.0 = Debug|Any CPU
		{A00098F4-97CD-4653-A335-730E30620376}.Release|Any CPU.ActiveCfg = Release|Any CPU
		{A00098F4-97CD-4653-A335-730E30620376}.Release|Any CPU.Build.0 = Release|Any CPU
		{855C1405-3D0A-4BC9-98E6-F725E08F4D6A}.Debug|Any CPU.ActiveCfg = Debug|Any CPU
		{855C1405-3D0A-4BC9-98E6-F725E08F4D6A}.Debug|Any CPU.Build.0 = Debug|Any CPU
		{855C1405-3D0A-4BC9-98E6-F725E08F4D6A}.Release|Any CPU.ActiveCfg = Release|Any CPU
		{855C1405-3D0A-4BC9-98E6-F725E08F4D6A}.Release|Any CPU.Build.0 = Release|Any CPU
		{42CC7EF7-36F2-4B1A-B672-928A3103F75C}.Debug|Any CPU.ActiveCfg = Debug|Any CPU
		{42CC7EF7-36F2-4B1A-B672-928A3103F75C}.Debug|Any CPU.Build.0 = Debug|Any CPU
		{42CC7EF7-36F2-4B1A-B672-928A3103F75C}.Release|Any CPU.ActiveCfg = Release|Any CPU
		{42CC7EF7-36F2-4B1A-B672-928A3103F75C}.Release|Any CPU.Build.0 = Release|Any CPU
		{5FA97B30-B50F-4691-BE01-6F208DCF2ED2}.Debug|Any CPU.ActiveCfg = Debug|Any CPU
		{5FA97B30-B50F-4691-BE01-6F208DCF2ED2}.Debug|Any CPU.Build.0 = Debug|Any CPU
		{5FA97B30-B50F-4691-BE01-6F208DCF2ED2}.Release|Any CPU.ActiveCfg = Release|Any CPU
		{5FA97B30-B50F-4691-BE01-6F208DCF2ED2}.Release|Any CPU.Build.0 = Release|Any CPU
		{46E04B83-FC8D-4F36-9969-27EFD877D132}.Debug|Any CPU.ActiveCfg = Debug|Any CPU
		{46E04B83-FC8D-4F36-9969-27EFD877D132}.Debug|Any CPU.Build.0 = Debug|Any CPU
		{46E04B83-FC8D-4F36-9969-27EFD877D132}.Release|Any CPU.ActiveCfg = Release|Any CPU
		{46E04B83-FC8D-4F36-9969-27EFD877D132}.Release|Any CPU.Build.0 = Release|Any CPU
		{19296238-98A9-42A4-9F39-28154DB45B14}.Debug|Any CPU.ActiveCfg = Debug|Any CPU
		{19296238-98A9-42A4-9F39-28154DB45B14}.Debug|Any CPU.Build.0 = Debug|Any CPU
		{19296238-98A9-42A4-9F39-28154DB45B14}.Release|Any CPU.ActiveCfg = Release|Any CPU
		{19296238-98A9-42A4-9F39-28154DB45B14}.Release|Any CPU.Build.0 = Release|Any CPU
	EndGlobalSection
	GlobalSection(SolutionProperties) = preSolution
		HideSolutionNode = FALSE
	EndGlobalSection
	GlobalSection(NestedProjects) = preSolution
		{FE312E84-8B15-4793-9E3C-62ACDCCBA43C} = {9870B241-C859-4F82-AE97-87DF3D09015B}
		{569777E5-ED93-43C6-9078-7840D7F53847} = {25A2E7DB-02D3-4D07-85BD-87600A41A3FE}
		{F69D1A3A-81AD-4A4B-BC1E-8BEA08EF1EFA} = {25A2E7DB-02D3-4D07-85BD-87600A41A3FE}
		{466656E2-9D04-4DE6-99CE-9A963B6493A7} = {25A2E7DB-02D3-4D07-85BD-87600A41A3FE}
		{14B2D8ED-35DE-4D2E-98BD-97560959B076} = {1750F2CE-AC25-4EE0-BFC1-C956457B3102}
		{1E27EDC3-BEB5-43C0-ACC7-00E4E892D6FA} = {1750F2CE-AC25-4EE0-BFC1-C956457B3102}
		{04343528-8616-42D6-BD95-381947E680C3} = {1750F2CE-AC25-4EE0-BFC1-C956457B3102}
		{1129BFEA-ED24-4A84-973F-A58160972689} = {1750F2CE-AC25-4EE0-BFC1-C956457B3102}
		{A00098F4-97CD-4653-A335-730E30620376} = {3F74BFE3-152A-45BB-9B64-B751389C7A2B}
		{855C1405-3D0A-4BC9-98E6-F725E08F4D6A} = {3F74BFE3-152A-45BB-9B64-B751389C7A2B}
		{42CC7EF7-36F2-4B1A-B672-928A3103F75C} = {3F74BFE3-152A-45BB-9B64-B751389C7A2B}
		{5FA97B30-B50F-4691-BE01-6F208DCF2ED2} = {1A962156-76D6-413B-9BE8-5D88B19EA62F}
		{46E04B83-FC8D-4F36-9969-27EFD877D132} = {B32D3546-FC51-41CB-8E66-52B08760F466}
		{19296238-98A9-42A4-9F39-28154DB45B14} = {319A12AC-4C25-49CA-A807-F95790A4ABBE}
	EndGlobalSection
	GlobalSection(ExtensibilityGlobals) = postSolution
		SolutionGuid = {6678F163-1CB8-487D-8538-13B1581B241A}
	EndGlobalSection
EndGlobal
